
Microsoft Visual Studio Solution File, Format Version 12.00
# Visual Studio Version 17
VisualStudioVersion = 17.5.33414.496
MinimumVisualStudioVersion = 10.0.40219.1
Project("{FAE04EC0-301F-11D3-BF4B-00C04F79EFBC}") = "Ler15MostrarMaiorMenor", "Ler15MostrarMaiorMenor\Ler15MostrarMaiorMenor.csproj", "{DCA98B8F-BF27-4C05-A626-67FE0C1BFCD4}"
EndProject
Global
	GlobalSection(SolutionConfigurationPlatforms) = preSolution
		Debug|Any CPU = Debug|Any CPU
		Release|Any CPU = Release|Any CPU
	EndGlobalSection
	GlobalSection(ProjectConfigurationPlatforms) = postSolution
		{DCA98B8F-BF27-4C05-A626-67FE0C1BFCD4}.Debug|Any CPU.ActiveCfg = Debug|Any CPU
		{DCA98B8F-BF27-4C05-A626-67FE0C1BFCD4}.Debug|Any CPU.Build.0 = Debug|Any CPU
		{DCA98B8F-BF27-4C05-A626-67FE0C1BFCD4}.Release|Any CPU.ActiveCfg = Release|Any CPU
		{DCA98B8F-BF27-4C05-A626-67FE0C1BFCD4}.Release|Any CPU.Build.0 = Release|Any CPU
	EndGlobalSection
	GlobalSection(SolutionProperties) = preSolution
		HideSolutionNode = FALSE
	EndGlobalSection
	GlobalSection(ExtensibilityGlobals) = postSolution
		SolutionGuid = {C525029C-EA23-43B1-812B-C28D14B0B2A0}
	EndGlobalSection
EndGlobal
